
Microsoft Visual Studio Solution File, Format Version 12.00
# Visual Studio Version 17
VisualStudioVersion = 17.11.35303.130
MinimumVisualStudioVersion = 10.0.40219.1
Project("{FAE04EC0-301F-11D3-BF4B-00C04F79EFBC}") = "PilaGrafica", "PilaGrafica\PilaGrafica.csproj", "{3683C504-D270-4042-9E9F-FC6920BD5B5A}"
EndProject
Global
	GlobalSection(SolutionConfigurationPlatforms) = preSolution
		Debug|Any CPU = Debug|Any CPU
		Release|Any CPU = Release|Any CPU
	EndGlobalSection
	GlobalSection(ProjectConfigurationPlatforms) = postSolution
		{3683C504-D270-4042-9E9F-FC6920BD5B5A}.Debug|Any CPU.ActiveCfg = Debug|Any CPU
		{3683C504-D270-4042-9E9F-FC6920BD5B5A}.Debug|Any CPU.Build.0 = Debug|Any CPU
		{3683C504-D270-4042-9E9F-FC6920BD5B5A}.Release|Any CPU.ActiveCfg = Release|Any CPU
		{3683C504-D270-4042-9E9F-FC6920BD5B5A}.Release|Any CPU.Build.0 = Release|Any CPU
	EndGlobalSection
	GlobalSection(SolutionProperties) = preSolution
		HideSolutionNode = FALSE
	EndGlobalSection
	GlobalSection(ExtensibilityGlobals) = postSolution
		SolutionGuid = {37247FBF-A5CE-4601-BF3C-607C3E31E96A}
	EndGlobalSection
EndGlobal
